
Microsoft Visual Studio Solution File, Format Version 12.00
# Visual Studio Version 17
VisualStudioVersion = 17.14.36811.4
MinimumVisualStudioVersion = 10.0.40219.1
Project("{FAE04EC0-301F-11D3-BF4B-00C04F79EFBC}") = "Demo01", "Demo01\Demo01.csproj", "{FBE477E1-E7C9-430F-AF08-5A3F8C568629}"
EndProject
Project("{FAE04EC0-301F-11D3-BF4B-00C04F79EFBC}") = "Demo02", "Demo02\Demo02.csproj", "{70DAD99C-5AE8-448F-BB82-E25388DF7907}"
EndProject
Project("{FAE04EC0-301F-11D3-BF4B-00C04F79EFBC}") = "Demo03", "Demo03\Demo03.csproj", "{9E945EC8-2C74-47D9-AFEE-8BE130ABD65D}"
EndProject
Project("{FAE04EC0-301F-11D3-BF4B-00C04F79EFBC}") = "Demo04", "Demo04\Demo04.csproj", "{2B6D7F4C-A588-48E2-A292-8C682BC5F1A3}"
EndProject
Project("{FAE04EC0-301F-11D3-BF4B-00C04F79EFBC}") = "Demo05", "Demo05\Demo05.csproj", "{5BD94E59-E037-472D-9480-44EE34BAC7FD}"
EndProject
Project("{FAE04EC0-301F-11D3-BF4B-00C04F79EFBC}") = "Demo06", "Demo06\Demo06.csproj", "{07D4E13D-0354-4CBA-BC94-C466F60007BA}"
EndProject
Global
	GlobalSection(SolutionConfigurationPlatforms) = preSolution
		Debug|Any CPU = Debug|Any CPU
		Release|Any CPU = Release|Any CPU
	EndGlobalSection
	GlobalSection(ProjectConfigurationPlatforms) = postSolution
		{FBE477E1-E7C9-430F-AF08-5A3F8C568629}.Debug|Any CPU.ActiveCfg = Debug|Any CPU
		{FBE477E1-E7C9-430F-AF08-5A3F8C568629}.Debug|Any CPU.Build.0 = Debug|Any CPU
		{FBE477E1-E7C9-430F-AF08-5A3F8C568629}.Release|Any CPU.ActiveCfg = Release|Any CPU
		{FBE477E1-E7C9-430F-AF08-5A3F8C568629}.Release|Any CPU.Build.0 = Release|Any CPU
		{70DAD99C-5AE8-448F-BB82-E25388DF7907}.Debug|Any CPU.ActiveCfg = Debug|Any CPU
		{70DAD99C-5AE8-448F-BB82-E25388DF7907}.Debug|Any CPU.Build.0 = Debug|Any CPU
		{70DAD99C-5AE8-448F-BB82-E25388DF7907}.Release|Any CPU.ActiveCfg = Release|Any CPU
		{70DAD99C-5AE8-448F-BB82-E25388DF7907}.Release|Any CPU.Build.0 = Release|Any CPU
		{9E945EC8-2C74-47D9-AFEE-8BE130ABD65D}.Debug|Any CPU.ActiveCfg = Debug|Any CPU
		{9E945EC8-2C74-47D9-AFEE-8BE130ABD65D}.Debug|Any CPU.Build.0 = Debug|Any CPU
		{9E945EC8-2C74-47D9-AFEE-8BE130ABD65D}.Release|Any CPU.ActiveCfg = Release|Any CPU
		{9E945EC8-2C74-47D9-AFEE-8BE130ABD65D}.Release|Any CPU.Build.0 = Release|Any CPU
		{2B6D7F4C-A588-48E2-A292-8C682BC5F1A3}.Debug|Any CPU.ActiveCfg = Debug|Any CPU
		{2B6D7F4C-A588-48E2-A292-8C682BC5F1A3}.Debug|Any CPU.Build.0 = Debug|Any CPU
		{2B6D7F4C-A588-48E2-A292-8C682BC5F1A3}.Release|Any CPU.ActiveCfg = Release|Any CPU
		{2B6D7F4C-A588-48E2-A292-8C682BC5F1A3}.Release|Any CPU.Build.0 = Release|Any CPU
		{5BD94E59-E037-472D-9480-44EE34BAC7FD}.Debug|Any CPU.ActiveCfg = Debug|Any CPU
		{5BD94E59-E037-472D-9480-44EE34BAC7FD}.Debug|Any CPU.Build.0 = Debug|Any CPU
		{5BD94E59-E037-472D-9480-44EE34BAC7FD}.Release|Any CPU.ActiveCfg = Release|Any CPU
		{5BD94E59-E037-472D-9480-44EE34BAC7FD}.Release|Any CPU.Build.0 = Release|Any CPU
		{07D4E13D-0354-4CBA-BC94-C466F60007BA}.Debug|Any CPU.ActiveCfg = Debug|Any CPU
		{07D4E13D-0354-4CBA-BC94-C466F60007BA}.Debug|Any CPU.Build.0 = Debug|Any CPU
		{07D4E13D-0354-4CBA-BC94-C466F60007BA}.Release|Any CPU.ActiveCfg = Release|Any CPU
		{07D4E13D-0354-4CBA-BC94-C466F60007BA}.Release|Any CPU.Build.0 = Release|Any CPU
	EndGlobalSection
	GlobalSection(SolutionProperties) = preSolution
		HideSolutionNode = FALSE
	EndGlobalSection
	GlobalSection(ExtensibilityGlobals) = postSolution
		SolutionGuid = {4E5BAD9F-27B4-4C90-B707-485B28B9C5E2}
	EndGlobalSection
EndGlobal
